
Microsoft Visual Studio Solution File, Format Version 12.00
# Visual Studio Version 16
VisualStudioVersion = 16.0.30804.86
MinimumVisualStudioVersion = 10.0.40219.1
Project("{FAE04EC0-301F-11D3-BF4B-00C04F79EFBC}") = "bidik", "bidik\bidik.csproj", "{DD07ED96-BEE5-451E-B5FD-034013301C8F}"
EndProject
Global
	GlobalSection(SolutionConfigurationPlatforms) = preSolution
		Debug|Any CPU = Debug|Any CPU
		Release|Any CPU = Release|Any CPU
	EndGlobalSection
	GlobalSection(ProjectConfigurationPlatforms) = postSolution
		{DD07ED96-BEE5-451E-B5FD-034013301C8F}.Debug|Any CPU.ActiveCfg = Debug|Any CPU
		{DD07ED96-BEE5-451E-B5FD-034013301C8F}.Debug|Any CPU.Build.0 = Debug|Any CPU
		{DD07ED96-BEE5-451E-B5FD-034013301C8F}.Release|Any CPU.ActiveCfg = Release|Any CPU
		{DD07ED96-BEE5-451E-B5FD-034013301C8F}.Release|Any CPU.Build.0 = Release|Any CPU
	EndGlobalSection
	GlobalSection(SolutionProperties) = preSolution
		HideSolutionNode = FALSE
	EndGlobalSection
	GlobalSection(ExtensibilityGlobals) = postSolution
		SolutionGuid = {FF6FD62A-C206-4349-B4D5-03F482915A71}
	EndGlobalSection
EndGlobal
